// !$*UTF8*$!
{
	archiveVersion = 1;
	classes = {
	};
	objectVersion = 50;
	objects = {

/* Begin PBXBuildFile section */
		F5680B21228CA88200FADF88 /* AppDelegate.swift in Sources */ = {isa = PBXBuildFile; fileRef = F5680B20228CA88200FADF88 /* AppDelegate.swift */; };
		F5680B26228CA88200FADF88 /* Main.storyboard in Resources */ = {isa = PBXBuildFile; fileRef = F5680B24228CA88200FADF88 /* Main.storyboard */; };
		F5680B28228CA88300FADF88 /* Assets.xcassets in Resources */ = {isa = PBXBuildFile; fileRef = F5680B27228CA88300FADF88 /* Assets.xcassets */; };
		F5680B2B228CA88300FADF88 /* LaunchScreen.storyboard in Resources */ = {isa = PBXBuildFile; fileRef = F5680B29228CA88300FADF88 /* LaunchScreen.storyboard */; };
		F5680B33228CA9E000FADF88 /* MessageThreadsTableViewController.swift in Sources */ = {isa = PBXBuildFile; fileRef = F5680B32228CA9E000FADF88 /* MessageThreadsTableViewController.swift */; };
		F5680B35228CAB7800FADF88 /* MessageThreadDetailTableViewController.swift in Sources */ = {isa = PBXBuildFile; fileRef = F5680B34228CAB7800FADF88 /* MessageThreadDetailTableViewController.swift */; };
		F5680B37228CACAF00FADF88 /* MessageDetailViewController.swift in Sources */ = {isa = PBXBuildFile; fileRef = F5680B36228CACAF00FADF88 /* MessageDetailViewController.swift */; };
		F5680B39228CAEEA00FADF88 /* MessageThread.swift in Sources */ = {isa = PBXBuildFile; fileRef = F5680B38228CAEEA00FADF88 /* MessageThread.swift */; };
		F5680B3B228CB4CD00FADF88 /* MessageThreadController.swift in Sources */ = {isa = PBXBuildFile; fileRef = F5680B3A228CB4CD00FADF88 /* MessageThreadController.swift */; };
/* End PBXBuildFile section */

/* Begin PBXFileReference section */
		F5680B1D228CA88200FADF88 /* MessageBoard.app */ = {isa = PBXFileReference; explicitFileType = wrapper.application; includeInIndex = 0; path = MessageBoard.app; sourceTree = BUILT_PRODUCTS_DIR; };
		F5680B20228CA88200FADF88 /* AppDelegate.swift */ = {isa = PBXFileReference; lastKnownFileType = sourcecode.swift; path = AppDelegate.swift; sourceTree = "<group>"; };
		F5680B25228CA88200FADF88 /* Base */ = {isa = PBXFileReference; lastKnownFileType = file.storyboard; name = Base; path = Base.lproj/Main.storyboard; sourceTree = "<group>"; };
		F5680B27228CA88300FADF88 /* Assets.xcassets */ = {isa = PBXFileReference; lastKnownFileType = folder.assetcatalog; path = Assets.xcassets; sourceTree = "<group>"; };
		F5680B2A228CA88300FADF88 /* Base */ = {isa = PBXFileReference; lastKnownFileType = file.storyboard; name = Base; path = Base.lproj/LaunchScreen.storyboard; sourceTree = "<group>"; };
		F5680B2C228CA88300FADF88 /* Info.plist */ = {isa = PBXFileReference; lastKnownFileType = text.plist.xml; path = Info.plist; sourceTree = "<group>"; };
		F5680B32228CA9E000FADF88 /* MessageThreadsTableViewController.swift */ = {isa = PBXFileReference; lastKnownFileType = sourcecode.swift; path = MessageThreadsTableViewController.swift; sourceTree = "<group>"; };
		F5680B34228CAB7800FADF88 /* MessageThreadDetailTableViewController.swift */ = {isa = PBXFileReference; lastKnownFileType = sourcecode.swift; path = MessageThreadDetailTableViewController.swift; sourceTree = "<group>"; };
		F5680B36228CACAF00FADF88 /* MessageDetailViewController.swift */ = {isa = PBXFileReference; lastKnownFileType = sourcecode.swift; path = MessageDetailViewController.swift; sourceTree = "<group>"; };
		F5680B38228CAEEA00FADF88 /* MessageThread.swift */ = {isa = PBXFileReference; lastKnownFileType = sourcecode.swift; path = MessageThread.swift; sourceTree = "<group>"; };
		F5680B3A228CB4CD00FADF88 /* MessageThreadController.swift */ = {isa = PBXFileReference; lastKnownFileType = sourcecode.swift; path = MessageThreadController.swift; sourceTree = "<group>"; };
/* End PBXFileReference section */

/* Begin PBXFrameworksBuildPhase section */
		F5680B1A228CA88200FADF88 /* Frameworks */ = {
			isa = PBXFrameworksBuildPhase;
			buildActionMask = 2147483647;
			files = (
			);
			runOnlyForDeploymentPostprocessing = 0;
		};
/* End PBXFrameworksBuildPhase section */

/* Begin PBXGroup section */
		F5680B14228CA88200FADF88 = {
			isa = PBXGroup;
			children = (
				F5680B1F228CA88200FADF88 /* MessageBoard */,
				F5680B1E228CA88200FADF88 /* Products */,
			);
			sourceTree = "<group>";
		};
		F5680B1E228CA88200FADF88 /* Products */ = {
			isa = PBXGroup;
			children = (
				F5680B1D228CA88200FADF88 /* MessageBoard.app */,
			);
			name = Products;
			sourceTree = "<group>";
		};
		F5680B1F228CA88200FADF88 /* MessageBoard */ = {
			isa = PBXGroup;
			children = (
				F5680B20228CA88200FADF88 /* AppDelegate.swift */,
				F5680B3C228CB55300FADF88 /* ViewController */,
				F5680B3D228CB57000FADF88 /* Model */,
				F5680B24228CA88200FADF88 /* Main.storyboard */,
				F5680B27228CA88300FADF88 /* Assets.xcassets */,
				F5680B29228CA88300FADF88 /* LaunchScreen.storyboard */,
				F5680B2C228CA88300FADF88 /* Info.plist */,
			);
			path = MessageBoard;
			sourceTree = "<group>";
		};
		F5680B3C228CB55300FADF88 /* ViewController */ = {
			isa = PBXGroup;
			children = (
				F5680B34228CAB7800FADF88 /* MessageThreadDetailTableViewController.swift */,
				F5680B32228CA9E000FADF88 /* MessageThreadsTableViewController.swift */,
				F5680B36228CACAF00FADF88 /* MessageDetailViewController.swift */,
			);
			path = ViewController;
			sourceTree = "<group>";
		};
		F5680B3D228CB57000FADF88 /* Model */ = {
			isa = PBXGroup;
			children = (
				F5680B3A228CB4CD00FADF88 /* MessageThreadController.swift */,
				F5680B38228CAEEA00FADF88 /* MessageThread.swift */,
			);
			path = Model;
			sourceTree = "<group>";
		};
/* End PBXGroup section */

/* Begin PBXNativeTarget section */
		F5680B1C228CA88200FADF88 /* MessageBoard */ = {
			isa = PBXNativeTarget;
			buildConfigurationList = F5680B2F228CA88300FADF88 /* Build configuration list for PBXNativeTarget "MessageBoard" */;
			buildPhases = (
				F5680B19228CA88200FADF88 /* Sources */,
				F5680B1A228CA88200FADF88 /* Frameworks */,
				F5680B1B228CA88200FADF88 /* Resources */,
			);
			buildRules = (
			);
			dependencies = (
			);
			name = MessageBoard;
			productName = MessageBoard;
			productReference = F5680B1D228CA88200FADF88 /* MessageBoard.app */;
			productType = "com.apple.product-type.application";
		};
/* End PBXNativeTarget section */

/* Begin PBXProject section */
		F5680B15228CA88200FADF88 /* Project object */ = {
			isa = PBXProject;
			attributes = {
				LastSwiftUpdateCheck = 1020;
				LastUpgradeCheck = 1020;
				ORGANIZATIONNAME = "Taylor Lyles";
				TargetAttributes = {
					F5680B1C228CA88200FADF88 = {
						CreatedOnToolsVersion = 10.2.1;
					};
				};
			};
			buildConfigurationList = F5680B18228CA88200FADF88 /* Build configuration list for PBXProject "MessageBoard" */;
			compatibilityVersion = "Xcode 9.3";
			developmentRegion = en;
			hasScannedForEncodings = 0;
			knownRegions = (
				en,
				Base,
			);
			mainGroup = F5680B14228CA88200FADF88;
			productRefGroup = F5680B1E228CA88200FADF88 /* Products */;
			projectDirPath = "";
			projectRoot = "";
			targets = (
				F5680B1C228CA88200FADF88 /* MessageBoard */,
			);
		};
/* End PBXProject section */

/* Begin PBXResourcesBuildPhase section */
		F5680B1B228CA88200FADF88 /* Resources */ = {
			isa = PBXResourcesBuildPhase;
			buildActionMask = 2147483647;
			files = (
				F5680B2B228CA88300FADF88 /* LaunchScreen.storyboard in Resources */,
				F5680B28228CA88300FADF88 /* Assets.xcassets in Resources */,
				F5680B26228CA88200FADF88 /* Main.storyboard in Resources */,
			);
			runOnlyForDeploymentPostprocessing = 0;
		};
/* End PBXResourcesBuildPhase section */

/* Begin PBXSourcesBuildPhase section */
		F5680B19228CA88200FADF88 /* Sources */ = {
			isa = PBXSourcesBuildPhase;
			buildActionMask = 2147483647;
			files = (
				F5680B21228CA88200FADF88 /* AppDelegate.swift in Sources */,
				F5680B37228CACAF00FADF88 /* MessageDetailViewController.swift in Sources */,
				F5680B35228CAB7800FADF88 /* MessageThreadDetailTableViewController.swift in Sources */,
				F5680B39228CAEEA00FADF88 /* MessageThread.swift in Sources */,
				F5680B33228CA9E000FADF88 /* MessageThreadsTableViewController.swift in Sources */,
				F5680B3B228CB4CD00FADF88 /* MessageThreadController.swift in Sources */,
			);
			runOnlyForDeploymentPostprocessing = 0;
		};
/* End PBXSourcesBuildPhase section */

/* Begin PBXVariantGroup section */
		F5680B24228CA88200FADF88 /* Main.storyboard */ = {
			isa = PBXVariantGroup;
			children = (
				F5680B25228CA88200FADF88 /* Base */,
			);
			name = Main.storyboard;
			sourceTree = "<group>";
		};
		F5680B29228CA88300FADF88 /* LaunchScreen.storyboard */ = {
			isa = PBXVariantGroup;
			children = (
				F5680B2A228CA88300FADF88 /* Base */,
			);
			name = LaunchScreen.storyboard;
			sourceTree = "<group>";
		};
/* End PBXVariantGroup section */

/* Begin XCBuildConfiguration section */
		F5680B2D228CA88300FADF88 /* Debug */ = {
			isa = XCBuildConfiguration;
			buildSettings = {
				ALWAYS_SEARCH_USER_PATHS = NO;
				CLANG_ANALYZER_NONNULL = YES;
				CLANG_ANALYZER_NUMBER_OBJECT_CONVERSION = YES_AGGRESSIVE;
				CLANG_CXX_LANGUAGE_STANDARD = "gnu++14";
				CLANG_CXX_LIBRARY = "libc++";
				CLANG_ENABLE_MODULES = YES;
				CLANG_ENABLE_OBJC_ARC = YES;
				CLANG_ENABLE_OBJC_WEAK = YES;
				CLANG_WARN_BLOCK_CAPTURE_AUTORELEASING = YES;
				CLANG_WARN_BOOL_CONVERSION = YES;
				CLANG_WARN_COMMA = YES;
				CLANG_WARN_CONSTANT_CONVERSION = YES;
				CLANG_WARN_DEPRECATED_OBJC_IMPLEMENTATIONS = YES;
				CLANG_WARN_DIRECT_OBJC_ISA_USAGE = YES_ERROR;
				CLANG_WARN_DOCUMENTATION_COMMENTS = YES;
				CLANG_WARN_EMPTY_BODY = YES;
				CLANG_WARN_ENUM_CONVERSION = YES;
				CLANG_WARN_INFINITE_RECURSION = YES;
				CLANG_WARN_INT_CONVERSION = YES;
				CLANG_WARN_NON_LITERAL_NULL_CONVERSION = YES;
				CLANG_WARN_OBJC_IMPLICIT_RETAIN_SELF = YES;
				CLANG_WARN_OBJC_LITERAL_CONVERSION = YES;
				CLANG_WARN_OBJC_ROOT_CLASS = YES_ERROR;
				CLANG_WARN_RANGE_LOOP_ANALYSIS = YES;
				CLANG_WARN_STRICT_PROTOTYPES = YES;
				CLANG_WARN_SUSPICIOUS_MOVE = YES;
				CLANG_WARN_UNGUARDED_AVAILABILITY = YES_AGGRESSIVE;
				CLANG_WARN_UNREACHABLE_CODE = YES;
				CLANG_WARN__DUPLICATE_METHOD_MATCH = YES;
				CODE_SIGN_IDENTITY = "iPhone Developer";
				COPY_PHASE_STRIP = NO;
				DEBUG_INFORMATION_FORMAT = dwarf;
				ENABLE_STRICT_OBJC_MSGSEND = YES;
				ENABLE_TESTABILITY = YES;
				GCC_C_LANGUAGE_STANDARD = gnu11;
				GCC_DYNAMIC_NO_PIC = NO;
				GCC_NO_COMMON_BLOCKS = YES;
				GCC_OPTIMIZATION_LEVEL = 0;
				GCC_PREPROCESSOR_DEFINITIONS = (
					"DEBUG=1",
					"$(inherited)",
				);
				GCC_WARN_64_TO_32_BIT_CONVERSION = YES;
				GCC_WARN_ABOUT_RETURN_TYPE = YES_ERROR;
				GCC_WARN_UNDECLARED_SELECTOR = YES;
				GCC_WARN_UNINITIALIZED_AUTOS = YES_AGGRESSIVE;
				GCC_WARN_UNUSED_FUNCTION = YES;
				GCC_WARN_UNUSED_VARIABLE = YES;
				IPHONEOS_DEPLOYMENT_TARGET = 12.2;
				MTL_ENABLE_DEBUG_INFO = INCLUDE_SOURCE;
				MTL_FAST_MATH = YES;
				ONLY_ACTIVE_ARCH = YES;
				SDKROOT = iphoneos;
				SWIFT_ACTIVE_COMPILATION_CONDITIONS = DEBUG;
				SWIFT_OPTIMIZATION_LEVEL = "-Onone";
			};
			name = Debug;
		};
		F5680B2E228CA88300FADF88 /* Release */ = {
			isa = XCBuildConfiguration;
			buildSettings = {
				ALWAYS_SEARCH_USER_PATHS = NO;
				CLANG_ANALYZER_NONNULL = YES;
				CLANG_ANALYZER_NUMBER_OBJECT_CONVERSION = YES_AGGRESSIVE;
				CLANG_CXX_LANGUAGE_STANDARD = "gnu++14";
				CLANG_CXX_LIBRARY = "libc++";
				CLANG_ENABLE_MODULES = YES;
				CLANG_ENABLE_OBJC_ARC = YES;
				CLANG_ENABLE_OBJC_WEAK = YES;
				CLANG_WARN_BLOCK_CAPTURE_AUTORELEASING = YES;
				CLANG_WARN_BOOL_CONVERSION = YES;
				CLANG_WARN_COMMA = YES;
				CLANG_WARN_CONSTANT_CONVERSION = YES;
				CLANG_WARN_DEPRECATED_OBJC_IMPLEMENTATIONS = YES;
				CLANG_WARN_DIRECT_OBJC_ISA_USAGE = YES_ERROR;
				CLANG_WARN_DOCUMENTATION_COMMENTS = YES;
				CLANG_WARN_EMPTY_BODY = YES;
				CLANG_WARN_ENUM_CONVERSION = YES;
				CLANG_WARN_INFINITE_RECURSION = YES;
				CLANG_WARN_INT_CONVERSION = YES;
				CLANG_WARN_NON_LITERAL_NULL_CONVERSION = YES;
				CLANG_WARN_OBJC_IMPLICIT_RETAIN_SELF = YES;
				CLANG_WARN_OBJC_LITERAL_CONVERSION = YES;
				CLANG_WARN_OBJC_ROOT_CLASS = YES_ERROR;
				CLANG_WARN_RANGE_LOOP_ANALYSIS = YES;
				CLANG_WARN_STRICT_PROTOTYPES = YES;
				CLANG_WARN_SUSPICIOUS_MOVE = YES;
				CLANG_WARN_UNGUARDED_AVAILABILITY = YES_AGGRESSIVE;
				CLANG_WARN_UNREACHABLE_CODE = YES;
				CLANG_WARN__DUPLICATE_METHOD_MATCH = YES;
				CODE_SIGN_IDENTITY = "iPhone Developer";
				COPY_PHASE_STRIP = NO;
				DEBUG_INFORMATION_FORMAT = "dwarf-with-dsym";
				ENABLE_NS_ASSERTIONS = NO;
				ENABLE_STRICT_OBJC_MSGSEND = YES;
				GCC_C_LANGUAGE_STANDARD = gnu11;
				GCC_NO_COMMON_BLOCKS = YES;
				GCC_WARN_64_TO_32_BIT_CONVERSION = YES;
				GCC_WARN_ABOUT_RETURN_TYPE = YES_ERROR;
				GCC_WARN_UNDECLARED_SELECTOR = YES;
				GCC_WARN_UNINITIALIZED_AUTOS = YES_AGGRESSIVE;
				GCC_WARN_UNUSED_FUNCTION = YES;
				GCC_WARN_UNUSED_VARIABLE = YES;
				IPHONEOS_DEPLOYMENT_TARGET = 12.2;
				MTL_ENABLE_DEBUG_INFO = NO;
				MTL_FAST_MATH = YES;
				SDKROOT = iphoneos;
				SWIFT_COMPILATION_MODE = wholemodule;
				SWIFT_OPTIMIZATION_LEVEL = "-O";
				VALIDATE_PRODUCT = YES;
			};
			name = Release;
		};
		F5680B30228CA88300FADF88 /* Debug */ = {
			isa = XCBuildConfiguration;
			buildSettings = {
				ASSETCATALOG_COMPILER_APPICON_NAME = AppIcon;
				CODE_SIGN_STYLE = Automatic;
				DEVELOPMENT_TEAM = FP8VA6LL76;
				INFOPLIST_FILE = MessageBoard/Info.plist;
				LD_RUNPATH_SEARCH_PATHS = (
					"$(inherited)",
					"@executable_path/Frameworks",
				);
				PRODUCT_BUNDLE_IDENTIFIER = com.taylorlyles.MessageBoard;
				PRODUCT_NAME = "$(TARGET_NAME)";
				SWIFT_VERSION = 5.0;
				TARGETED_DEVICE_FAMILY = "1,2";
			};
			name = Debug;
		};
		F5680B31228CA88300FADF88 /* Release */ = {
			isa = XCBuildConfiguration;
			buildSettings = {
				ASSETCATALOG_COMPILER_APPICON_NAME = AppIcon;
				CODE_SIGN_STYLE = Automatic;
				DEVELOPMENT_TEAM = FP8VA6LL76;
				INFOPLIST_FILE = MessageBoard/Info.plist;
				LD_RUNPATH_SEARCH_PATHS = (
					"$(inherited)",
					"@executable_path/Frameworks",
				);
				PRODUCT_BUNDLE_IDENTIFIER = com.taylorlyles.MessageBoard;
				PRODUCT_NAME = "$(TARGET_NAME)";
				SWIFT_VERSION = 5.0;
				TARGETED_DEVICE_FAMILY = "1,2";
			};
			name = Release;
		};
/* End XCBuildConfiguration section */

/* Begin XCConfigurationList section */
		F5680B18228CA88200FADF88 /* Build configuration list for PBXProject "MessageBoard" */ = {
			isa = XCConfigurationList;
			buildConfigurations = (
				F5680B2D228CA88300FADF88 /* Debug */,
				F5680B2E228CA88300FADF88 /* Release */,
			);
			defaultConfigurationIsVisible = 0;
			defaultConfigurationName = Release;
		};
		F5680B2F228CA88300FADF88 /* Build configuration list for PBXNativeTarget "MessageBoard" */ = {
			isa = XCConfigurationList;
			buildConfigurations = (
				F5680B30228CA88300FADF88 /* Debug */,
				F5680B31228CA88300FADF88 /* Release */,
			);
			defaultConfigurationIsVisible = 0;
			defaultConfigurationName = Release;
		};
/* End XCConfigurationList section */
	};
	rootObject = F5680B15228CA88200FADF88 /* Project object */;
}
